
Microsoft Visual Studio Solution File, Format Version 11.00
# Visual Studio 2010
Project("{FAE04EC0-301F-11D3-BF4B-00C04F79EFBC}") = "Anytao.Common.Caching", "Anytao.Common.Caching\Anytao.Common.Caching.csproj", "{4A165D08-3F4D-45D6-A9CE-C383D1E58EC2}"
EndProject
Project("{2150E333-8FDC-42A3-9474-1A3956D46DE8}") = "_sample", "_sample", "{ED285C06-D549-4202-931A-17C2ABB3FC7E}"
EndProject
Project("{2150E333-8FDC-42A3-9474-1A3956D46DE8}") = "_test", "_test", "{C6F0CA39-E981-4906-9F4E-88AA992BBEAA}"
EndProject
Project("{FAE04EC0-301F-11D3-BF4B-00C04F79EFBC}") = "Anytao.Common.Sample", "_sample\Anytao.Common.Sample\Anytao.Common.Sample.csproj", "{E97EECCD-4DB0-476D-837C-8CE6E67D478E}"
EndProject
Project("{2150E333-8FDC-42A3-9474-1A3956D46DE8}") = "_doc", "_doc", "{0EBF3180-FA64-4D7B-B412-DAC1D4539283}"
	ProjectSection(SolutionItems) = preProject
		HOWTO.txt = HOWTO.txt
	EndProjectSection
EndProject
Global
	GlobalSection(SolutionConfigurationPlatforms) = preSolution
		Debug|Any CPU = Debug|Any CPU
		Debug|Mixed Platforms = Debug|Mixed Platforms
		Debug|x86 = Debug|x86
		Release|Any CPU = Release|Any CPU
		Release|Mixed Platforms = Release|Mixed Platforms
		Release|x86 = Release|x86
	EndGlobalSection
	GlobalSection(ProjectConfigurationPlatforms) = postSolution
		{4A165D08-3F4D-45D6-A9CE-C383D1E58EC2}.Debug|Any CPU.ActiveCfg = Debug|Any CPU
		{4A165D08-3F4D-45D6-A9CE-C383D1E58EC2}.Debug|Any CPU.Build.0 = Debug|Any CPU
		{4A165D08-3F4D-45D6-A9CE-C383D1E58EC2}.Debug|Mixed Platforms.ActiveCfg = Debug|Any CPU
		{4A165D08-3F4D-45D6-A9CE-C383D1E58EC2}.Debug|Mixed Platforms.Build.0 = Debug|Any CPU
		{4A165D08-3F4D-45D6-A9CE-C383D1E58EC2}.Debug|x86.ActiveCfg = Debug|Any CPU
		{4A165D08-3F4D-45D6-A9CE-C383D1E58EC2}.Release|Any CPU.ActiveCfg = Release|Any CPU
		{4A165D08-3F4D-45D6-A9CE-C383D1E58EC2}.Release|Any CPU.Build.0 = Release|Any CPU
		{4A165D08-3F4D-45D6-A9CE-C383D1E58EC2}.Release|Mixed Platforms.ActiveCfg = Release|Any CPU
		{4A165D08-3F4D-45D6-A9CE-C383D1E58EC2}.Release|Mixed Platforms.Build.0 = Release|Any CPU
		{4A165D08-3F4D-45D6-A9CE-C383D1E58EC2}.Release|x86.ActiveCfg = Release|Any CPU
		{E97EECCD-4DB0-476D-837C-8CE6E67D478E}.Debug|Any CPU.ActiveCfg = Debug|x86
		{E97EECCD-4DB0-476D-837C-8CE6E67D478E}.Debug|Mixed Platforms.ActiveCfg = Debug|x86
		{E97EECCD-4DB0-476D-837C-8CE6E67D478E}.Debug|Mixed Platforms.Build.0 = Debug|x86
		{E97EECCD-4DB0-476D-837C-8CE6E67D478E}.Debug|x86.ActiveCfg = Debug|x86
		{E97EECCD-4DB0-476D-837C-8CE6E67D478E}.Debug|x86.Build.0 = Debug|x86
		{E97EECCD-4DB0-476D-837C-8CE6E67D478E}.Release|Any CPU.ActiveCfg = Release|x86
		{E97EECCD-4DB0-476D-837C-8CE6E67D478E}.Release|Mixed Platforms.ActiveCfg = Release|x86
		{E97EECCD-4DB0-476D-837C-8CE6E67D478E}.Release|Mixed Platforms.Build.0 = Release|x86
		{E97EECCD-4DB0-476D-837C-8CE6E67D478E}.Release|x86.ActiveCfg = Release|x86
		{E97EECCD-4DB0-476D-837C-8CE6E67D478E}.Release|x86.Build.0 = Release|x86
	EndGlobalSection
	GlobalSection(SolutionProperties) = preSolution
		HideSolutionNode = FALSE
	EndGlobalSection
	GlobalSection(NestedProjects) = preSolution
		{E97EECCD-4DB0-476D-837C-8CE6E67D478E} = {ED285C06-D549-4202-931A-17C2ABB3FC7E}
	EndGlobalSection
EndGlobal
